<?xml version="1.0" encoding="utf-8"?>
<Project ToolsVersion="4.0" xmlns="http://schemas.microsoft.com/developer/msbuild/2003">
  <ItemGroup>
    <Filter Include="Source Files">
      <UniqueIdentifier>{4FC737F1-C7A5-4376-A066-2A32D752A2FF}</UniqueIdentifier>
      <Extensions>cpp;c;cc;cxx;c++;cppm;ixx;def;odl;idl;hpj;bat;asm;asmx</Extensions>
    </Filter>
    <Filter Include="Header Files">
      <UniqueIdentifier>{93995380-89BD-4b04-88EB-625FBE52EBFB}</UniqueIdentifier>
      <Extensions>h;hh;hpp;hxx;h++;hm;inl;inc;ipp;xsd</Extensions>
    </Filter>
    <Filter Include="Resource Files">
      <UniqueIdentifier>{67DA6AB6-F800-4c08-8B7A-83BB121AAD01}</UniqueIdentifier>
      <Extensions>rc;ico;cur;bmp;dlg;rc2;rct;bin;rgs;gif;jpg;jpeg;jpe;resx;tiff;tif;png;wav;mfcribbon-ms</Extensions>
    </Filter>
    <Filter Include="UI">
      <UniqueIdentifier>{f6e1f7a4-ff37-45cc-8c1d-120847d49e6d}</UniqueIdentifier>
    </Filter>
    <Filter Include="Test">
      <UniqueIdentifier>{3f4a670c-0206-49dd-913f-827587b2306a}</UniqueIdentifier>
    </Filter>
    <Filter Include="Components">
      <UniqueIdentifier>{618ad92b-4f67-49c0-b95b-98de2210aa3f}</UniqueIdentifier>
    </Filter>
    <Filter Include="Grid">
      <UniqueIdentifier>{dd0ac51e-3025-412b-946e-a825ed30304f}</UniqueIdentifier>
    </Filter>
  </ItemGroup>
  <ItemGroup>
    <ClCompile Include="Main.cpp">
      <Filter>Source Files</Filter>
    </ClCompile>
    <ClCompile Include="..\Minigin\LivesDisplay.cpp">
      <Filter>UI</Filter>
    </ClCompile>
    <ClCompile Include="..\Minigin\ScoreDisplay.cpp">
      <Filter>UI</Filter>
    </ClCompile>
    <ClCompile Include="..\Minigin\TestCharacter.cpp">
      <Filter>Test</Filter>
    </ClCompile>
    <ClCompile Include="..\Minigin\TestComp.cpp">
      <Filter>Test</Filter>
    </ClCompile>
    <ClCompile Include="..\Minigin\Movement.cpp">
      <Filter>Test</Filter>
    </ClCompile>
    <ClCompile Include="..\Minigin\RotateParent.cpp">
      <Filter>Components</Filter>
    </ClCompile>
    <ClCompile Include="Grid.cpp">
      <Filter>Grid</Filter>
    </ClCompile>
    <ClCompile Include="GridRenderer.cpp">
      <Filter>Grid</Filter>
    </ClCompile>
    <ClCompile Include="GridAgent.cpp">
      <Filter>Grid</Filter>
    </ClCompile>
    <ClCompile Include="Character.cpp">
      <Filter>Components</Filter>
    </ClCompile>
    <ClCompile Include="Pacman.cpp">
      <Filter>Components</Filter>
    </ClCompile>
  </ItemGroup>
  <ItemGroup>
    <ClInclude Include="..\Minigin\LivesDisplay.h">
      <Filter>UI</Filter>
    </ClInclude>
    <ClInclude Include="..\Minigin\ScoreDisplay.h">
      <Filter>UI</Filter>
    </ClInclude>
    <ClInclude Include="..\Minigin\GameEvents.h">
      <Filter>Header Files</Filter>
    </ClInclude>
    <ClInclude Include="..\Minigin\TestCharacter.h">
      <Filter>Test</Filter>
    </ClInclude>
    <ClInclude Include="..\Minigin\TestCommands.h">
      <Filter>Test</Filter>
    </ClInclude>
    <ClInclude Include="..\Minigin\TestComp.h">
      <Filter>Test</Filter>
    </ClInclude>
    <ClInclude Include="..\Minigin\Movement.h">
      <Filter>Test</Filter>
    </ClInclude>
    <ClInclude Include="..\Minigin\RotateParent.h">
      <Filter>Components</Filter>
    </ClInclude>
    <ClInclude Include="Grid.h">
      <Filter>Grid</Filter>
    </ClInclude>
    <ClInclude Include="GridRenderer.h">
      <Filter>Grid</Filter>
    </ClInclude>
    <ClInclude Include="GridAgent.h">
      <Filter>Grid</Filter>
    </ClInclude>
    <ClInclude Include="Character.h">
      <Filter>Components</Filter>
    </ClInclude>
    <ClInclude Include="PacmanCommands.h">
      <Filter>Header Files</Filter>
    </ClInclude>
    <ClInclude Include="PacmanSounds.h">
      <Filter>Header Files</Filter>
    </ClInclude>
    <ClInclude Include="Pacman.h">
      <Filter>Components</Filter>
    </ClInclude>
    <ClInclude Include="PacmanEvents.h">
      <Filter>Header Files</Filter>
    </ClInclude>
  </ItemGroup>
  <ItemGroup>
    <Text Include="..\Data\TestLevel.txt">
      <Filter>Resource Files</Filter>
    </Text>
  </ItemGroup>
</Project>